PODS:
  - CPEData (3.3.0):
    - SWXMLHash (~> 4.0)
  - CPEExperience (4.3.0):
    - CPEData (~> 3.3)
    - google-cast-sdk (~> 3.0)
    - MBProgressHUD (~> 0.9)
    - ReachabilitySwift (~> 4.1.0)
    - SDWebImage (~> 4.0)
    - UAProgressView (~> 0.1)
  - google-cast-sdk (3.5.6):
    - google-cast-sdk/Core (= 3.5.6)
  - google-cast-sdk/Core (3.5.6)
  - MBProgressHUD (0.9.2)
  - ReachabilitySwift (4.1.0)
  - SDWebImage (4.4.2):
    - SDWebImage/Core (= 4.4.2)
  - SDWebImage/Core (4.4.2)
  - SWXMLHash (4.7.1)
  - UAProgressView (0.1.4)

DEPENDENCIES:
  - CPEData (~> 3.0)
  - CPEExperience (from `../`)

SPEC REPOS:
  https://github.com/cocoapods/specs.git:
    - CPEData
    - google-cast-sdk
    - MBProgressHUD
    - ReachabilitySwift
    - SDWebImage
    - SWXMLHash
    - UAProgressView

EXTERNAL SOURCES:
  CPEExperience:
    :path: "../"

SPEC CHECKSUMS:
  CPEData: 52869570fd2e5e0753cd5d4b7f3df8bf2d5eb09d
  CPEExperience: 52679fa7290258206b10caeeec132b149491cb72
  google-cast-sdk: 2736ac5f0c60d26a559f58c6bb37ced7465e9485
  MBProgressHUD: 1569cf7ace17a8bac47aabfbb8580a49690386d1
  ReachabilitySwift: 6849231cd4e06559f3b9ef4a97a0a0f96d41e09f
  SDWebImage: 624d6e296c69b244bcede364c72ae0430ac14681
  SWXMLHash: 661b67bc94a01fe71a6ad4ca690cf2cafa5d1d6f
  UAProgressView: 6796f5aa05037fb2940521636163b9db40a6c534

PODFILE CHECKSUM: 7fc1f55c17d007f261964c1e23e1a83bb6a95df5

COCOAPODS: 1.5.3
