PODS:
  - CPEData (3.2.0):
    - SWXMLHash (~> 4.0)
  - CPEExperience (4.2.2):
    - CPEData (~> 3.0)
    - google-cast-sdk (~> 3.0)
    - MBProgressHUD (~> 0.9)
    - ReachabilitySwift (~> 4.1.0)
    - SDWebImage (~> 4.0)
    - UAProgressView (~> 0.1)
  - google-cast-sdk (3.5.6):
    - google-cast-sdk/Core (= 3.5.6)
  - google-cast-sdk/Core (3.5.6)
  - MBProgressHUD (0.9.2)
  - ReachabilitySwift (4.1.0)
  - SDWebImage (4.4.2):
    - SDWebImage/Core (= 4.4.2)
  - SDWebImage/Core (4.4.2)
  - SWXMLHash (4.7.1)
  - UAProgressView (0.1.4)

DEPENDENCIES:
  - CPEData (~> 3.2)
  - CPEExperience (from `../`)

SPEC REPOS:
  https://github.com/cocoapods/specs.git:
    - CPEData
    - google-cast-sdk
    - MBProgressHUD
    - ReachabilitySwift
    - SDWebImage
    - SWXMLHash
    - UAProgressView

EXTERNAL SOURCES:
  CPEExperience:
    :path: "../"

SPEC CHECKSUMS:
  CPEData: d7f6e2c9ebf2d04bed8069af44c757193fc42716
  CPEExperience: 40b4e7f29db909b279a0ae1d569c0bc5669a21a9
  google-cast-sdk: 2736ac5f0c60d26a559f58c6bb37ced7465e9485
  MBProgressHUD: 1569cf7ace17a8bac47aabfbb8580a49690386d1
  ReachabilitySwift: 6849231cd4e06559f3b9ef4a97a0a0f96d41e09f
  SDWebImage: 624d6e296c69b244bcede364c72ae0430ac14681
  SWXMLHash: 661b67bc94a01fe71a6ad4ca690cf2cafa5d1d6f
  UAProgressView: 6796f5aa05037fb2940521636163b9db40a6c534

PODFILE CHECKSUM: e38aba4b91672c748b9c65e1172be2ece9bb1935

COCOAPODS: 1.5.3
